
Microsoft Visual Studio Solution File, Format Version 12.00
# Visual Studio Version 17
VisualStudioVersion = 17.8.34511.84
MinimumVisualStudioVersion = 10.0.40219.1
Project("{9A19103F-16F7-4668-BE54-9A1E7A4F7556}") = "TripsCompanySystem", "TripsCompanySystem.csproj", "{8A0B6499-AFF0-499F-8DFE-290E1F567842}"
EndProject
Global
	GlobalSection(SolutionConfigurationPlatforms) = preSolution
		Debug|Any CPU = Debug|Any CPU
		Release|Any CPU = Release|Any CPU
	EndGlobalSection
	GlobalSection(ProjectConfigurationPlatforms) = postSolution
		{8A0B6499-AFF0-499F-8DFE-290E1F567842}.Debug|Any CPU.ActiveCfg = Debug|Any CPU
		{8A0B6499-AFF0-499F-8DFE-290E1F567842}.Debug|Any CPU.Build.0 = Debug|Any CPU
		{8A0B6499-AFF0-499F-8DFE-290E1F567842}.Release|Any CPU.ActiveCfg = Release|Any CPU
		{8A0B6499-AFF0-499F-8DFE-290E1F567842}.Release|Any CPU.Build.0 = Release|Any CPU
	EndGlobalSection
	GlobalSection(SolutionProperties) = preSolution
		HideSolutionNode = FALSE
	EndGlobalSection
	GlobalSection(ExtensibilityGlobals) = postSolution
		SolutionGuid = {D0328661-8216-48B3-A3CB-0D7DF8DE4387}
	EndGlobalSection
EndGlobal
